
Microsoft Visual Studio Solution File, Format Version 12.00
# Visual Studio 15
VisualStudioVersion = 15.0.26730.16
MinimumVisualStudioVersion = 10.0.40219.1
Project("{FAE04EC0-301F-11D3-BF4B-00C04F79EFBC}") = "ToDoApi", "ToDoApi\ToDoApi.csproj", "{6B3CE979-1734-4240-82A3-31B0C6F44A65}"
EndProject
Global
	GlobalSection(SolutionConfigurationPlatforms) = preSolution
		Debug|Any CPU = Debug|Any CPU
		Release|Any CPU = Release|Any CPU
	EndGlobalSection
	GlobalSection(ProjectConfigurationPlatforms) = postSolution
		{6B3CE979-1734-4240-82A3-31B0C6F44A65}.Debug|Any CPU.ActiveCfg = Debug|Any CPU
		{6B3CE979-1734-4240-82A3-31B0C6F44A65}.Debug|Any CPU.Build.0 = Debug|Any CPU
		{6B3CE979-1734-4240-82A3-31B0C6F44A65}.Release|Any CPU.ActiveCfg = Release|Any CPU
		{6B3CE979-1734-4240-82A3-31B0C6F44A65}.Release|Any CPU.Build.0 = Release|Any CPU
	EndGlobalSection
	GlobalSection(SolutionProperties) = preSolution
		HideSolutionNode = FALSE
	EndGlobalSection
	GlobalSection(ExtensibilityGlobals) = postSolution
		SolutionGuid = {D2EF9513-3F10-4EE8-A69A-ECBC78A199F7}
	EndGlobalSection
EndGlobal
